
Microsoft Visual Studio Solution File, Format Version 12.00
# Visual Studio Version 16
VisualStudioVersion = 16.0.30621.155
MinimumVisualStudioVersion = 10.0.40219.1
Project("{9A19103F-16F7-4668-BE54-9A1E7A4F7556}") = "Parcial_II", "Parcial_II\Parcial_II.csproj", "{F4361750-7D7E-4CFB-A30C-945755900BC0}"
EndProject
Global
	GlobalSection(SolutionConfigurationPlatforms) = preSolution
		Debug|Any CPU = Debug|Any CPU
		Release|Any CPU = Release|Any CPU
	EndGlobalSection
	GlobalSection(ProjectConfigurationPlatforms) = postSolution
		{F4361750-7D7E-4CFB-A30C-945755900BC0}.Debug|Any CPU.ActiveCfg = Debug|Any CPU
		{F4361750-7D7E-4CFB-A30C-945755900BC0}.Debug|Any CPU.Build.0 = Debug|Any CPU
		{F4361750-7D7E-4CFB-A30C-945755900BC0}.Release|Any CPU.ActiveCfg = Release|Any CPU
		{F4361750-7D7E-4CFB-A30C-945755900BC0}.Release|Any CPU.Build.0 = Release|Any CPU
	EndGlobalSection
	GlobalSection(SolutionProperties) = preSolution
		HideSolutionNode = FALSE
	EndGlobalSection
	GlobalSection(ExtensibilityGlobals) = postSolution
		SolutionGuid = {42046B70-BECB-4427-AEC3-4E1ED3ECA0C7}
	EndGlobalSection
EndGlobal
